
Microsoft Visual Studio Solution File, Format Version 12.00
# Visual Studio 15
VisualStudioVersion = 15.0.28307.902
MinimumVisualStudioVersion = 10.0.40219.1
Project("{FAE04EC0-301F-11D3-BF4B-00C04F79EFBC}") = "LP19-App", "LP19-App\LP19-App.csproj", "{F95AC4D2-E3D4-4CB9-9D0D-F33B2E37E274}"
EndProject
Global
	GlobalSection(SolutionConfigurationPlatforms) = preSolution
		Debug|Any CPU = Debug|Any CPU
		Release|Any CPU = Release|Any CPU
	EndGlobalSection
	GlobalSection(ProjectConfigurationPlatforms) = postSolution
		{F95AC4D2-E3D4-4CB9-9D0D-F33B2E37E274}.Debug|Any CPU.ActiveCfg = Debug|Any CPU
		{F95AC4D2-E3D4-4CB9-9D0D-F33B2E37E274}.Debug|Any CPU.Build.0 = Debug|Any CPU
		{F95AC4D2-E3D4-4CB9-9D0D-F33B2E37E274}.Release|Any CPU.ActiveCfg = Release|Any CPU
		{F95AC4D2-E3D4-4CB9-9D0D-F33B2E37E274}.Release|Any CPU.Build.0 = Release|Any CPU
	EndGlobalSection
	GlobalSection(SolutionProperties) = preSolution
		HideSolutionNode = FALSE
	EndGlobalSection
	GlobalSection(ExtensibilityGlobals) = postSolution
		SolutionGuid = {399431C1-2730-4CD9-B679-905DA05B0520}
	EndGlobalSection
EndGlobal
